
Microsoft Visual Studio Solution File, Format Version 12.00
# Visual Studio Version 16
VisualStudioVersion = 16.0.29613.14
MinimumVisualStudioVersion = 10.0.40219.1
Project("{8BC9CEB8-8B4A-11D0-8D11-00A0C91BC942}") = "laba5", "laba5.vcxproj", "{B921B1D3-5A39-4C34-96E9-6DF754179FCB}"
EndProject
Global
	GlobalSection(SolutionConfigurationPlatforms) = preSolution
		Debug|x64 = Debug|x64
		Debug|x86 = Debug|x86
		Release|x64 = Release|x64
		Release|x86 = Release|x86
	EndGlobalSection
	GlobalSection(ProjectConfigurationPlatforms) = postSolution
		{B921B1D3-5A39-4C34-96E9-6DF754179FCB}.Debug|x64.ActiveCfg = Debug|x64
		{B921B1D3-5A39-4C34-96E9-6DF754179FCB}.Debug|x64.Build.0 = Debug|x64
		{B921B1D3-5A39-4C34-96E9-6DF754179FCB}.Debug|x86.ActiveCfg = Debug|Win32
		{B921B1D3-5A39-4C34-96E9-6DF754179FCB}.Debug|x86.Build.0 = Debug|Win32
		{B921B1D3-5A39-4C34-96E9-6DF754179FCB}.Release|x64.ActiveCfg = Release|x64
		{B921B1D3-5A39-4C34-96E9-6DF754179FCB}.Release|x64.Build.0 = Release|x64
		{B921B1D3-5A39-4C34-96E9-6DF754179FCB}.Release|x86.ActiveCfg = Release|Win32
		{B921B1D3-5A39-4C34-96E9-6DF754179FCB}.Release|x86.Build.0 = Release|Win32
	EndGlobalSection
	GlobalSection(SolutionProperties) = preSolution
		HideSolutionNode = FALSE
	EndGlobalSection
	GlobalSection(ExtensibilityGlobals) = postSolution
		SolutionGuid = {543E6C95-F96F-4898-9668-D2D5B0C2B3E1}
	EndGlobalSection
EndGlobal
